
Microsoft Visual Studio Solution File, Format Version 12.00
# Visual Studio 2012
Project("{F184B08F-C81C-45F6-A57F-5ABD9991F28F}") = "Conference Registration System", "Conference Registration System\Conference Registration System.vbproj", "{5884DE73-C6D4-4F03-808B-DF431081B0DA}"
EndProject
Global
	GlobalSection(SolutionConfigurationPlatforms) = preSolution
		Debug|x86 = Debug|x86
		Release|x86 = Release|x86
	EndGlobalSection
	GlobalSection(ProjectConfigurationPlatforms) = postSolution
		{5884DE73-C6D4-4F03-808B-DF431081B0DA}.Debug|x86.ActiveCfg = Debug|x86
		{5884DE73-C6D4-4F03-808B-DF431081B0DA}.Debug|x86.Build.0 = Debug|x86
		{5884DE73-C6D4-4F03-808B-DF431081B0DA}.Release|x86.ActiveCfg = Release|x86
		{5884DE73-C6D4-4F03-808B-DF431081B0DA}.Release|x86.Build.0 = Release|x86
	EndGlobalSection
	GlobalSection(SolutionProperties) = preSolution
		HideSolutionNode = FALSE
	EndGlobalSection
EndGlobal
